
Microsoft Visual Studio Solution File, Format Version 12.00
# Visual Studio 14
VisualStudioVersion = 14.0.25420.1
MinimumVisualStudioVersion = 10.0.40219.1
Project("{FAE04EC0-301F-11D3-BF4B-00C04F79EFBC}") = "SDataExtract", "SDataExtract.csproj", "{A9746912-7027-43BD-BF44-ACDA775A30F2}"
EndProject
Project("{FAE04EC0-301F-11D3-BF4B-00C04F79EFBC}") = "MTBtest", "Tests\MTBtest\MTBtest.csproj", "{FB5F9E43-2F38-4BDF-AA18-65283C4C453D}"
EndProject
Project("{FAE04EC0-301F-11D3-BF4B-00C04F79EFBC}") = "WPFtest1", "Tests\WPFtest\WpfApplication1\WPFtest1.csproj", "{804C6798-5936-4D53-968E-48F4368C0604}"
EndProject
Global
	GlobalSection(SolutionConfigurationPlatforms) = preSolution
		Debug|Any CPU = Debug|Any CPU
		Debug|x64 = Debug|x64
		Release|Any CPU = Release|Any CPU
		Release|x64 = Release|x64
	EndGlobalSection
	GlobalSection(ProjectConfigurationPlatforms) = postSolution
		{A9746912-7027-43BD-BF44-ACDA775A30F2}.Debug|Any CPU.ActiveCfg = Debug|Any CPU
		{A9746912-7027-43BD-BF44-ACDA775A30F2}.Debug|Any CPU.Build.0 = Debug|Any CPU
		{A9746912-7027-43BD-BF44-ACDA775A30F2}.Debug|x64.ActiveCfg = Debug|x64
		{A9746912-7027-43BD-BF44-ACDA775A30F2}.Debug|x64.Build.0 = Debug|x64
		{A9746912-7027-43BD-BF44-ACDA775A30F2}.Release|Any CPU.ActiveCfg = Release|Any CPU
		{A9746912-7027-43BD-BF44-ACDA775A30F2}.Release|Any CPU.Build.0 = Release|Any CPU
		{A9746912-7027-43BD-BF44-ACDA775A30F2}.Release|x64.ActiveCfg = Release|x64
		{A9746912-7027-43BD-BF44-ACDA775A30F2}.Release|x64.Build.0 = Release|x64
		{FB5F9E43-2F38-4BDF-AA18-65283C4C453D}.Debug|Any CPU.ActiveCfg = Debug|Any CPU
		{FB5F9E43-2F38-4BDF-AA18-65283C4C453D}.Debug|Any CPU.Build.0 = Debug|Any CPU
		{FB5F9E43-2F38-4BDF-AA18-65283C4C453D}.Debug|x64.ActiveCfg = Debug|Any CPU
		{FB5F9E43-2F38-4BDF-AA18-65283C4C453D}.Debug|x64.Build.0 = Debug|Any CPU
		{FB5F9E43-2F38-4BDF-AA18-65283C4C453D}.Release|Any CPU.ActiveCfg = Release|Any CPU
		{FB5F9E43-2F38-4BDF-AA18-65283C4C453D}.Release|Any CPU.Build.0 = Release|Any CPU
		{FB5F9E43-2F38-4BDF-AA18-65283C4C453D}.Release|x64.ActiveCfg = Release|Any CPU
		{FB5F9E43-2F38-4BDF-AA18-65283C4C453D}.Release|x64.Build.0 = Release|Any CPU
		{804C6798-5936-4D53-968E-48F4368C0604}.Debug|Any CPU.ActiveCfg = Debug|Any CPU
		{804C6798-5936-4D53-968E-48F4368C0604}.Debug|Any CPU.Build.0 = Debug|Any CPU
		{804C6798-5936-4D53-968E-48F4368C0604}.Debug|x64.ActiveCfg = Debug|Any CPU
		{804C6798-5936-4D53-968E-48F4368C0604}.Debug|x64.Build.0 = Debug|Any CPU
		{804C6798-5936-4D53-968E-48F4368C0604}.Release|Any CPU.ActiveCfg = Release|Any CPU
		{804C6798-5936-4D53-968E-48F4368C0604}.Release|Any CPU.Build.0 = Release|Any CPU
		{804C6798-5936-4D53-968E-48F4368C0604}.Release|x64.ActiveCfg = Release|Any CPU
		{804C6798-5936-4D53-968E-48F4368C0604}.Release|x64.Build.0 = Release|Any CPU
	EndGlobalSection
	GlobalSection(SolutionProperties) = preSolution
		HideSolutionNode = FALSE
	EndGlobalSection
EndGlobal
